# This file is automatically @generated by Cargo.
# It is not intended for manual editing.
version = 3

[[package]]
name = "cueforge-ai"
version = "0.0.0"
dependencies = [
 "cueforge-common",
 "cueforge-cue",
 "cueforge-physics",
 "cueforge-table",
]

[[package]]
name = "cueforge-collision"
version = "0.0.0"
dependencies = [
 "cueforge-common",
 "cueforge-physics",
]

[[package]]
name = "cueforge-common"
version = "0.0.0"

[[package]]
name = "cueforge-cue"
version = "0.0.0"
dependencies = [
 "cueforge-common",
 "cueforge-physics",
 "cueforge-table",
]

[[package]]
name = "cueforge-networking"
version = "0.0.0"
dependencies = [
 "cueforge-common",
 "cueforge-physics",
 "cueforge-replay",
]

[[package]]
name = "cueforge-physics"
version = "0.0.0"
dependencies = [
 "cueforge-common",
 "cueforge-cue",
 "cueforge-table",
]

[[package]]
name = "cueforge-renderer"
version = "0.0.0"
dependencies = [
 "cueforge-common",
 "cueforge-physics",
 "cueforge-table",
]

[[package]]
name = "cueforge-replay"
version = "0.0.0"
dependencies = [
 "cueforge-common",
 "cueforge-cue",
 "cueforge-physics",
]

[[package]]
name = "cueforge-rules"
version = "0.0.0"
dependencies = [
 "cueforge-common",
 "cueforge-cue",
 "cueforge-physics",
 "cueforge-table",
]

[[package]]
name = "cueforge-spin"
version = "0.0.0"
dependencies = [
 "cueforge-collision",
 "cueforge-common",
 "cueforge-physics",
]

[[package]]
name = "cueforge-statistics"
version = "0.0.0"
dependencies = [
 "cueforge-common",
 "cueforge-physics",
 "cueforge-rules",
]

[[package]]
name = "cueforge-table"
version = "0.0.0"
dependencies = [
 "cueforge-collision",
 "cueforge-common",
 "cueforge-physics",
 "cueforge-spin",
]

[[package]]
name = "cueforge-trainer"
version = "0.0.0"
dependencies = [
 "cueforge-ai",
 "cueforge-common",
 "cueforge-physics",
 "cueforge-rules",
 "cueforge-table",
]

[[package]]
name = "cueforge-ui"
version = "0.0.0"
dependencies = [
 "cueforge-ai",
 "cueforge-collision",
 "cueforge-common",
 "cueforge-cue",
 "cueforge-networking",
 "cueforge-physics",
 "cueforge-renderer",
 "cueforge-replay",
 "cueforge-rules",
 "cueforge-spin",
 "cueforge-statistics",
 "cueforge-table",
 "cueforge-trainer",
]

[[package]]
name = "cueforge-vision"
version = "0.0.0"
dependencies = [
 "cueforge-common",
 "cueforge-physics",
 "cueforge-table",
]
